
Microsoft Visual Studio Solution File, Format Version 12.00
# Visual Studio Version 17
VisualStudioVersion = 17.14.36414.22
MinimumVisualStudioVersion = 10.0.40219.1
Project("{FAE04EC0-301F-11D3-BF4B-00C04F79EFBC}") = "ClippyCore", "ClippyCore\ClippyCore.csproj", "{B40BBC37-8CBD-436D-9383-CC242AB035CD}"
EndProject
Project("{FAE04EC0-301F-11D3-BF4B-00C04F79EFBC}") = "ClippyDesktop", "ClippyDesktop\ClippyDesktop.csproj", "{D68C9232-1525-4F11-BAB6-C5A44E3D4411}"
EndProject
Project("{FAE04EC0-301F-11D3-BF4B-00C04F79EFBC}") = "ClippyTesting", "ClippyTesting\ClippyTesting.csproj", "{6C27D228-A122-433F-AE91-B5829CB42EDF}"
EndProject
Project("{FAE04EC0-301F-11D3-BF4B-00C04F79EFBC}") = "ClippyWord", "ClippyWord\ClippyWord.csproj", "{A68B85BC-07F6-485A-B4DE-F659D1904831}"
EndProject
Global
	GlobalSection(SolutionConfigurationPlatforms) = preSolution
		Debug|Any CPU = Debug|Any CPU
		Release|Any CPU = Release|Any CPU
	EndGlobalSection
	GlobalSection(ProjectConfigurationPlatforms) = postSolution
		{B40BBC37-8CBD-436D-9383-CC242AB035CD}.Debug|Any CPU.ActiveCfg = Debug|Any CPU
		{B40BBC37-8CBD-436D-9383-CC242AB035CD}.Debug|Any CPU.Build.0 = Debug|Any CPU
		{B40BBC37-8CBD-436D-9383-CC242AB035CD}.Release|Any CPU.ActiveCfg = Release|Any CPU
		{B40BBC37-8CBD-436D-9383-CC242AB035CD}.Release|Any CPU.Build.0 = Release|Any CPU
		{D68C9232-1525-4F11-BAB6-C5A44E3D4411}.Debug|Any CPU.ActiveCfg = Debug|Any CPU
		{D68C9232-1525-4F11-BAB6-C5A44E3D4411}.Debug|Any CPU.Build.0 = Debug|Any CPU
		{D68C9232-1525-4F11-BAB6-C5A44E3D4411}.Release|Any CPU.ActiveCfg = Release|Any CPU
		{D68C9232-1525-4F11-BAB6-C5A44E3D4411}.Release|Any CPU.Build.0 = Release|Any CPU
		{6C27D228-A122-433F-AE91-B5829CB42EDF}.Debug|Any CPU.ActiveCfg = Debug|Any CPU
		{6C27D228-A122-433F-AE91-B5829CB42EDF}.Debug|Any CPU.Build.0 = Debug|Any CPU
		{6C27D228-A122-433F-AE91-B5829CB42EDF}.Release|Any CPU.ActiveCfg = Release|Any CPU
		{6C27D228-A122-433F-AE91-B5829CB42EDF}.Release|Any CPU.Build.0 = Release|Any CPU
		{A68B85BC-07F6-485A-B4DE-F659D1904831}.Debug|Any CPU.ActiveCfg = Debug|Any CPU
		{A68B85BC-07F6-485A-B4DE-F659D1904831}.Debug|Any CPU.Build.0 = Debug|Any CPU
		{A68B85BC-07F6-485A-B4DE-F659D1904831}.Release|Any CPU.ActiveCfg = Release|Any CPU
		{A68B85BC-07F6-485A-B4DE-F659D1904831}.Release|Any CPU.Build.0 = Release|Any CPU
	EndGlobalSection
	GlobalSection(SolutionProperties) = preSolution
		HideSolutionNode = FALSE
	EndGlobalSection
	GlobalSection(ExtensibilityGlobals) = postSolution
		SolutionGuid = {13E0431C-352A-4E2D-8496-E3607956081D}
	EndGlobalSection
EndGlobal
